{
  "name": "marketPlace",
  "lockfileVersion": 2,
  "requires": true,
  "packages": {
    "": {
      "dependencies": {
        "docxtemplater": "^3.68.3",
        "docxtemplater-image-module-free": "^1.1.1",
        "pizzip": "^3.2.0"
      }
    },
    "node_modules/@xmldom/xmldom": {
      "version": "0.9.9",
      "resolved": "https://registry.npmjs.org/@xmldom/xmldom/-/xmldom-0.9.9.tgz",
      "integrity": "sha512-qycIHAucxy/LXAYIjmLmtQ8q9GPnMbnjG1KXhWm9o5sCr6pOYDATkMPiTNa6/v8eELyqOQ2FsEqeoFYmgv/gJg==",
      "engines": {
        "node": ">=14.6"
      }
    },
    "node_modules/docxtemplater": {
      "version": "3.68.3",
      "resolved": "https://registry.npmjs.org/docxtemplater/-/docxtemplater-3.68.3.tgz",
      "integrity": "sha512-hTZfGcHgN60A09w68Qj0EQRCnF5kf2/ohFlZlUVqAOozCFwx9QMm8naCTvmTsXafuO3nG9qpS4pQWSjFdaCWfQ==",
      "dependencies": {
        "@xmldom/xmldom": "^0.9.8"
      },
      "engines": {
        "node": ">=0.10"
      }
    },
    "node_modules/docxtemplater-image-module-free": {
      "version": "1.1.1",
      "resolved": "https://registry.npmjs.org/docxtemplater-image-module-free/-/docxtemplater-image-module-free-1.1.1.tgz",
      "integrity": "sha512-aWOzVQN7ggDYjfoy3pTTNrcrZ7/CJrQcI9cT+hmyHE6nRLR67nt5yPFPe9hm9VWbfYIED2fi+3itOnF0TE/RWQ==",
      "dependencies": {
        "xmldom": "^0.1.27"
      }
    },
    "node_modules/pako": {
      "version": "2.1.0",
      "resolved": "https://registry.npmjs.org/pako/-/pako-2.1.0.tgz",
      "integrity": "sha512-w+eufiZ1WuJYgPXbV/PO3NCMEc3xqylkKHzp8bxp1uW4qaSNQUkwmLLEc3kKsfz8lpV1F8Ht3U1Cm+9Srog2ug=="
    },
    "node_modules/pizzip": {
      "version": "3.2.0",
      "resolved": "https://registry.npmjs.org/pizzip/-/pizzip-3.2.0.tgz",
      "integrity": "sha512-X4NPNICxCfIK8VYhF6wbksn81vTiziyLbvKuORVAmolvnUzl1A1xmz9DAWKxPRq9lZg84pJOOAMq3OE61bD8IQ==",
      "dependencies": {
        "pako": "^2.1.0"
      }
    },
    "node_modules/xmldom": {
      "version": "0.1.31",
      "resolved": "https://registry.npmjs.org/xmldom/-/xmldom-0.1.31.tgz",
      "integrity": "sha512-yS2uJflVQs6n+CyjHoaBmVSqIDevTAWrzMmjG1Gc7h1qQ7uVozNhEPJAwZXWyGQ/Gafo3fCwrcaokezLPupVyQ==",
      "deprecated": "Deprecated due to CVE-2021-21366 resolved in 0.5.0",
      "engines": {
        "node": ">=0.1"
      }
    }
  },
  "dependencies": {
    "@xmldom/xmldom": {
      "version": "0.9.9",
      "resolved": "https://registry.npmjs.org/@xmldom/xmldom/-/xmldom-0.9.9.tgz",
      "integrity": "sha512-qycIHAucxy/LXAYIjmLmtQ8q9GPnMbnjG1KXhWm9o5sCr6pOYDATkMPiTNa6/v8eELyqOQ2FsEqeoFYmgv/gJg=="
    },
    "docxtemplater": {
      "version": "3.68.3",
      "resolved": "https://registry.npmjs.org/docxtemplater/-/docxtemplater-3.68.3.tgz",
      "integrity": "sha512-hTZfGcHgN60A09w68Qj0EQRCnF5kf2/ohFlZlUVqAOozCFwx9QMm8naCTvmTsXafuO3nG9qpS4pQWSjFdaCWfQ==",
      "requires": {
        "@xmldom/xmldom": "^0.9.8"
      }
    },
    "docxtemplater-image-module-free": {
      "version": "1.1.1",
      "resolved": "https://registry.npmjs.org/docxtemplater-image-module-free/-/docxtemplater-image-module-free-1.1.1.tgz",
      "integrity": "sha512-aWOzVQN7ggDYjfoy3pTTNrcrZ7/CJrQcI9cT+hmyHE6nRLR67nt5yPFPe9hm9VWbfYIED2fi+3itOnF0TE/RWQ==",
      "requires": {
        "xmldom": "^0.1.27"
      }
    },
    "pako": {
      "version": "2.1.0",
      "resolved": "https://registry.npmjs.org/pako/-/pako-2.1.0.tgz",
      "integrity": "sha512-w+eufiZ1WuJYgPXbV/PO3NCMEc3xqylkKHzp8bxp1uW4qaSNQUkwmLLEc3kKsfz8lpV1F8Ht3U1Cm+9Srog2ug=="
    },
    "pizzip": {
      "version": "3.2.0",
      "resolved": "https://registry.npmjs.org/pizzip/-/pizzip-3.2.0.tgz",
      "integrity": "sha512-X4NPNICxCfIK8VYhF6wbksn81vTiziyLbvKuORVAmolvnUzl1A1xmz9DAWKxPRq9lZg84pJOOAMq3OE61bD8IQ==",
      "requires": {
        "pako": "^2.1.0"
      }
    },
    "xmldom": {
      "version": "0.1.31",
      "resolved": "https://registry.npmjs.org/xmldom/-/xmldom-0.1.31.tgz",
      "integrity": "sha512-yS2uJflVQs6n+CyjHoaBmVSqIDevTAWrzMmjG1Gc7h1qQ7uVozNhEPJAwZXWyGQ/Gafo3fCwrcaokezLPupVyQ=="
    }
  }
}
